
Microsoft Visual Studio Solution File, Format Version 12.00
# Visual Studio 2012
Project("{FAE04EC0-301F-11D3-BF4B-00C04F79EFBC}") = "Boykot2", "Boykot\Boykot2.csproj", "{85AD9C01-8F47-40B9-8561-8A0368498D3D}"
EndProject
Global
	GlobalSection(SolutionConfigurationPlatforms) = preSolution
		Debug|Any CPU = Debug|Any CPU
		Release|Any CPU = Release|Any CPU
	EndGlobalSection
	GlobalSection(ProjectConfigurationPlatforms) = postSolution
		{85AD9C01-8F47-40B9-8561-8A0368498D3D}.Debug|Any CPU.ActiveCfg = Debug|Any CPU
		{85AD9C01-8F47-40B9-8561-8A0368498D3D}.Debug|Any CPU.Build.0 = Debug|Any CPU
		{85AD9C01-8F47-40B9-8561-8A0368498D3D}.Debug|Any CPU.Deploy.0 = Debug|Any CPU
		{85AD9C01-8F47-40B9-8561-8A0368498D3D}.Release|Any CPU.ActiveCfg = Release|Any CPU
		{85AD9C01-8F47-40B9-8561-8A0368498D3D}.Release|Any CPU.Build.0 = Release|Any CPU
		{85AD9C01-8F47-40B9-8561-8A0368498D3D}.Release|Any CPU.Deploy.0 = Release|Any CPU
	EndGlobalSection
	GlobalSection(SolutionProperties) = preSolution
		HideSolutionNode = FALSE
	EndGlobalSection
EndGlobal
